
Microsoft Visual Studio Solution File, Format Version 12.00
# Visual Studio Version 17
VisualStudioVersion = 17.14.36414.22 d17.14
MinimumVisualStudioVersion = 10.0.40219.1
Project("{FAE04EC0-301F-11D3-BF4B-00C04F79EFBC}") = "WebApplication.asp.net.c3", "WebApplication.asp.net.c3\WebApplication.asp.net.c3.csproj", "{787FB38B-2182-4BC4-88C7-9CE100ABF66F}"
EndProject
Global
	GlobalSection(SolutionConfigurationPlatforms) = preSolution
		Debug|Any CPU = Debug|Any CPU
		Release|Any CPU = Release|Any CPU
	EndGlobalSection
	GlobalSection(ProjectConfigurationPlatforms) = postSolution
		{787FB38B-2182-4BC4-88C7-9CE100ABF66F}.Debug|Any CPU.ActiveCfg = Debug|Any CPU
		{787FB38B-2182-4BC4-88C7-9CE100ABF66F}.Debug|Any CPU.Build.0 = Debug|Any CPU
		{787FB38B-2182-4BC4-88C7-9CE100ABF66F}.Release|Any CPU.ActiveCfg = Release|Any CPU
		{787FB38B-2182-4BC4-88C7-9CE100ABF66F}.Release|Any CPU.Build.0 = Release|Any CPU
	EndGlobalSection
	GlobalSection(SolutionProperties) = preSolution
		HideSolutionNode = FALSE
	EndGlobalSection
	GlobalSection(ExtensibilityGlobals) = postSolution
		SolutionGuid = {18B70708-838A-4C16-B1CF-40E8A2AB7251}
	EndGlobalSection
EndGlobal
